
Microsoft Visual Studio Solution File, Format Version 12.00
# Visual Studio Version 18
VisualStudioVersion = 18.2.11408.102
MinimumVisualStudioVersion = 10.0.40219.1
Project("{FAE04EC0-301F-11D3-BF4B-00C04F79EFBC}") = "Cadeaubons_Domain", "Cadeaubons_Domain\Cadeaubons_Domain.csproj", "{DA2CBDE5-FFF7-4EF2-839F-36EE4007C1AC}"
EndProject
Project("{FAE04EC0-301F-11D3-BF4B-00C04F79EFBC}") = "ConsoleAppTest", "ConsoleAppTest\ConsoleAppTest.csproj", "{F11885D7-2199-41C0-884A-37F69746920A}"
EndProject
Project("{FAE04EC0-301F-11D3-BF4B-00C04F79EFBC}") = "Cadeaubons.StartUp", "Cadeaubons.StartUp\Cadeaubons.StartUp.csproj", "{FA027498-BACC-4274-8C62-6FFC380E7F2E}"
EndProject
Project("{FAE04EC0-301F-11D3-BF4B-00C04F79EFBC}") = "Cadeaubons_Presentation", "Cadeaubons_Presentation2\Cadeaubons_Presentation.csproj", "{113D334D-3580-4596-B766-B5D1A282735E}"
EndProject
Global
	GlobalSection(SolutionConfigurationPlatforms) = preSolution
		Debug|Any CPU = Debug|Any CPU
		Release|Any CPU = Release|Any CPU
	EndGlobalSection
	GlobalSection(ProjectConfigurationPlatforms) = postSolution
		{DA2CBDE5-FFF7-4EF2-839F-36EE4007C1AC}.Debug|Any CPU.ActiveCfg = Debug|Any CPU
		{DA2CBDE5-FFF7-4EF2-839F-36EE4007C1AC}.Debug|Any CPU.Build.0 = Debug|Any CPU
		{DA2CBDE5-FFF7-4EF2-839F-36EE4007C1AC}.Release|Any CPU.ActiveCfg = Release|Any CPU
		{DA2CBDE5-FFF7-4EF2-839F-36EE4007C1AC}.Release|Any CPU.Build.0 = Release|Any CPU
		{F11885D7-2199-41C0-884A-37F69746920A}.Debug|Any CPU.ActiveCfg = Debug|Any CPU
		{F11885D7-2199-41C0-884A-37F69746920A}.Debug|Any CPU.Build.0 = Debug|Any CPU
		{F11885D7-2199-41C0-884A-37F69746920A}.Release|Any CPU.ActiveCfg = Release|Any CPU
		{F11885D7-2199-41C0-884A-37F69746920A}.Release|Any CPU.Build.0 = Release|Any CPU
		{FA027498-BACC-4274-8C62-6FFC380E7F2E}.Debug|Any CPU.ActiveCfg = Debug|Any CPU
		{FA027498-BACC-4274-8C62-6FFC380E7F2E}.Debug|Any CPU.Build.0 = Debug|Any CPU
		{FA027498-BACC-4274-8C62-6FFC380E7F2E}.Release|Any CPU.ActiveCfg = Release|Any CPU
		{FA027498-BACC-4274-8C62-6FFC380E7F2E}.Release|Any CPU.Build.0 = Release|Any CPU
		{113D334D-3580-4596-B766-B5D1A282735E}.Debug|Any CPU.ActiveCfg = Debug|Any CPU
		{113D334D-3580-4596-B766-B5D1A282735E}.Debug|Any CPU.Build.0 = Debug|Any CPU
		{113D334D-3580-4596-B766-B5D1A282735E}.Release|Any CPU.ActiveCfg = Release|Any CPU
		{113D334D-3580-4596-B766-B5D1A282735E}.Release|Any CPU.Build.0 = Release|Any CPU
	EndGlobalSection
	GlobalSection(SolutionProperties) = preSolution
		HideSolutionNode = FALSE
	EndGlobalSection
	GlobalSection(ExtensibilityGlobals) = postSolution
		SolutionGuid = {EFEAAB04-2062-4D54-AF94-AC58E1660F1F}
	EndGlobalSection
EndGlobal
